// !$*UTF8*$!
{
	archiveVersion = 1;
	classes = {
	};
	objectVersion = 55;
	objects = {

/* Begin PBXBuildFile section */
		6D4A9B492771AA2C007074AF /* GeneralViewController.swift in Sources */ = {isa = PBXBuildFile; fileRef = 6D4A9B482771AA2C007074AF /* GeneralViewController.swift */; };
		6D4A9B4B2771AA6B007074AF /* GeneralViewController.storyboard in Resources */ = {isa = PBXBuildFile; fileRef = 6D4A9B4A2771AA6B007074AF /* GeneralViewController.storyboard */; };
		6D54D663277040FE00726065 /* MenuCell.swift in Sources */ = {isa = PBXBuildFile; fileRef = 6D54D661277040FE00726065 /* MenuCell.swift */; };
		6D54D664277040FE00726065 /* MenuCell.xib in Resources */ = {isa = PBXBuildFile; fileRef = 6D54D662277040FE00726065 /* MenuCell.xib */; };
		6D5B355C276F2756000893DD /* ProfileCell.swift in Sources */ = {isa = PBXBuildFile; fileRef = 6D5B355A276F2756000893DD /* ProfileCell.swift */; };
		6D5B355D276F2756000893DD /* ProfileCell.xib in Resources */ = {isa = PBXBuildFile; fileRef = 6D5B355B276F2756000893DD /* ProfileCell.xib */; };
		6D8AD3B3276E1AC8001BA231 /* AppDelegate.swift in Sources */ = {isa = PBXBuildFile; fileRef = 6D8AD3B2276E1AC8001BA231 /* AppDelegate.swift */; };
		6D8AD3B5276E1AC8001BA231 /* SceneDelegate.swift in Sources */ = {isa = PBXBuildFile; fileRef = 6D8AD3B4276E1AC8001BA231 /* SceneDelegate.swift */; };
		6D8AD3B7276E1AC8001BA231 /* ViewController.swift in Sources */ = {isa = PBXBuildFile; fileRef = 6D8AD3B6276E1AC8001BA231 /* ViewController.swift */; };
		6D8AD3BA276E1AC8001BA231 /* Main.storyboard in Resources */ = {isa = PBXBuildFile; fileRef = 6D8AD3B8276E1AC8001BA231 /* Main.storyboard */; };
		6D8AD3BC276E1AC9001BA231 /* Assets.xcassets in Resources */ = {isa = PBXBuildFile; fileRef = 6D8AD3BB276E1AC9001BA231 /* Assets.xcassets */; };
		6D8AD3BF276E1AC9001BA231 /* LaunchScreen.storyboard in Resources */ = {isa = PBXBuildFile; fileRef = 6D8AD3BD276E1AC9001BA231 /* LaunchScreen.storyboard */; };
		6D8AD3CA276E1AC9001BA231 /* Setting_Clone_AppTests.swift in Sources */ = {isa = PBXBuildFile; fileRef = 6D8AD3C9276E1AC9001BA231 /* Setting_Clone_AppTests.swift */; };
		6D8AD3D4276E1AC9001BA231 /* Setting_Clone_AppUITests.swift in Sources */ = {isa = PBXBuildFile; fileRef = 6D8AD3D3276E1AC9001BA231 /* Setting_Clone_AppUITests.swift */; };
		6D8AD3D6276E1AC9001BA231 /* Setting_Clone_AppUITestsLaunchTests.swift in Sources */ = {isa = PBXBuildFile; fileRef = 6D8AD3D5276E1AC9001BA231 /* Setting_Clone_AppUITestsLaunchTests.swift */; };
		6DA92B9327708CB90053E202 /* SettingModel.swift in Sources */ = {isa = PBXBuildFile; fileRef = 6DA92B9227708CB90053E202 /* SettingModel.swift */; };
		6DEDD0332771E1B00090BA3C /* MyIDViewController.swift in Sources */ = {isa = PBXBuildFile; fileRef = 6DEDD0312771E1B00090BA3C /* MyIDViewController.swift */; };
		6DEDD0342771E1B00090BA3C /* MyIDViewController.xib in Resources */ = {isa = PBXBuildFile; fileRef = 6DEDD0322771E1B00090BA3C /* MyIDViewController.xib */; };
/* End PBXBuildFile section */

/* Begin PBXContainerItemProxy section */
		6D8AD3C6276E1AC9001BA231 /* PBXContainerItemProxy */ = {
			isa = PBXContainerItemProxy;
			containerPortal = 6D8AD3A7276E1AC8001BA231 /* Project object */;
			proxyType = 1;
			remoteGlobalIDString = 6D8AD3AE276E1AC8001BA231;
			remoteInfo = Setting_Clone_App;
		};
		6D8AD3D0276E1AC9001BA231 /* PBXContainerItemProxy */ = {
			isa = PBXContainerItemProxy;
			containerPortal = 6D8AD3A7276E1AC8001BA231 /* Project object */;
			proxyType = 1;
			remoteGlobalIDString = 6D8AD3AE276E1AC8001BA231;
			remoteInfo = Setting_Clone_App;
		};
/* End PBXContainerItemProxy section */

/* Begin PBXFileReference section */
		6D4A9B482771AA2C007074AF /* GeneralViewController.swift */ = {isa = PBXFileReference; lastKnownFileType = sourcecode.swift; path = GeneralViewController.swift; sourceTree = "<group>"; };
		6D4A9B4A2771AA6B007074AF /* GeneralViewController.storyboard */ = {isa = PBXFileReference; lastKnownFileType = file.storyboard; path = GeneralViewController.storyboard; sourceTree = "<group>"; };
		6D54D661277040FE00726065 /* MenuCell.swift */ = {isa = PBXFileReference; lastKnownFileType = sourcecode.swift; path = MenuCell.swift; sourceTree = "<group>"; };
		6D54D662277040FE00726065 /* MenuCell.xib */ = {isa = PBXFileReference; lastKnownFileType = file.xib; path = MenuCell.xib; sourceTree = "<group>"; };
		6D5B355A276F2756000893DD /* ProfileCell.swift */ = {isa = PBXFileReference; lastKnownFileType = sourcecode.swift; path = ProfileCell.swift; sourceTree = "<group>"; };
		6D5B355B276F2756000893DD /* ProfileCell.xib */ = {isa = PBXFileReference; lastKnownFileType = file.xib; path = ProfileCell.xib; sourceTree = "<group>"; };
		6D8AD3AF276E1AC8001BA231 /* Setting_Clone_App.app */ = {isa = PBXFileReference; explicitFileType = wrapper.application; includeInIndex = 0; path = Setting_Clone_App.app; sourceTree = BUILT_PRODUCTS_DIR; };
		6D8AD3B2276E1AC8001BA231 /* AppDelegate.swift */ = {isa = PBXFileReference; lastKnownFileType = sourcecode.swift; path = AppDelegate.swift; sourceTree = "<group>"; };
		6D8AD3B4276E1AC8001BA231 /* SceneDelegate.swift */ = {isa = PBXFileReference; lastKnownFileType = sourcecode.swift; path = SceneDelegate.swift; sourceTree = "<group>"; };
		6D8AD3B6276E1AC8001BA231 /* ViewController.swift */ = {isa = PBXFileReference; lastKnownFileType = sourcecode.swift; path = ViewController.swift; sourceTree = "<group>"; };
		6D8AD3B9276E1AC8001BA231 /* Base */ = {isa = PBXFileReference; lastKnownFileType = file.storyboard; name = Base; path = Base.lproj/Main.storyboard; sourceTree = "<group>"; };
		6D8AD3BB276E1AC9001BA231 /* Assets.xcassets */ = {isa = PBXFileReference; lastKnownFileType = folder.assetcatalog; path = Assets.xcassets; sourceTree = "<group>"; };
		6D8AD3BE276E1AC9001BA231 /* Base */ = {isa = PBXFileReference; lastKnownFileType = file.storyboard; name = Base; path = Base.lproj/LaunchScreen.storyboard; sourceTree = "<group>"; };
		6D8AD3C0276E1AC9001BA231 /* Info.plist */ = {isa = PBXFileReference; lastKnownFileType = text.plist.xml; path = Info.plist; sourceTree = "<group>"; };
		6D8AD3C5276E1AC9001BA231 /* Setting_Clone_AppTests.xctest */ = {isa = PBXFileReference; explicitFileType = wrapper.cfbundle; includeInIndex = 0; path = Setting_Clone_AppTests.xctest; sourceTree = BUILT_PRODUCTS_DIR; };
		6D8AD3C9276E1AC9001BA231 /* Setting_Clone_AppTests.swift */ = {isa = PBXFileReference; lastKnownFileType = sourcecode.swift; path = Setting_Clone_AppTests.swift; sourceTree = "<group>"; };
		6D8AD3CF276E1AC9001BA231 /* Setting_Clone_AppUITests.xctest */ = {isa = PBXFileReference; explicitFileType = wrapper.cfbundle; includeInIndex = 0; path = Setting_Clone_AppUITests.xctest; sourceTree = BUILT_PRODUCTS_DIR; };
		6D8AD3D3276E1AC9001BA231 /* Setting_Clone_AppUITests.swift */ = {isa = PBXFileReference; lastKnownFileType = sourcecode.swift; path = Setting_Clone_AppUITests.swift; sourceTree = "<group>"; };
		6D8AD3D5276E1AC9001BA231 /* Setting_Clone_AppUITestsLaunchTests.swift */ = {isa = PBXFileReference; lastKnownFileType = sourcecode.swift; path = Setting_Clone_AppUITestsLaunchTests.swift; sourceTree = "<group>"; };
		6DA92B9227708CB90053E202 /* SettingModel.swift */ = {isa = PBXFileReference; lastKnownFileType = sourcecode.swift; path = SettingModel.swift; sourceTree = "<group>"; };
		6DEDD0312771E1B00090BA3C /* MyIDViewController.swift */ = {isa = PBXFileReference; lastKnownFileType = sourcecode.swift; path = MyIDViewController.swift; sourceTree = "<group>"; };
		6DEDD0322771E1B00090BA3C /* MyIDViewController.xib */ = {isa = PBXFileReference; lastKnownFileType = file.xib; path = MyIDViewController.xib; sourceTree = "<group>"; };
/* End PBXFileReference section */

/* Begin PBXFrameworksBuildPhase section */
		6D8AD3AC276E1AC8001BA231 /* Frameworks */ = {
			isa = PBXFrameworksBuildPhase;
			buildActionMask = 2147483647;
			files = (
			);
			runOnlyForDeploymentPostprocessing = 0;
		};
		6D8AD3C2276E1AC9001BA231 /* Frameworks */ = {
			isa = PBXFrameworksBuildPhase;
			buildActionMask = 2147483647;
			files = (
			);
			runOnlyForDeploymentPostprocessing = 0;
		};
		6D8AD3CC276E1AC9001BA231 /* Frameworks */ = {
			isa = PBXFrameworksBuildPhase;
			buildActionMask = 2147483647;
			files = (
			);
			runOnlyForDeploymentPostprocessing = 0;
		};
/* End PBXFrameworksBuildPhase section */

/* Begin PBXGroup section */
		6D8AD3A6276E1AC8001BA231 = {
			isa = PBXGroup;
			children = (
				6D8AD3B1276E1AC8001BA231 /* Setting_Clone_App */,
				6D8AD3C8276E1AC9001BA231 /* Setting_Clone_AppTests */,
				6D8AD3D2276E1AC9001BA231 /* Setting_Clone_AppUITests */,
				6D8AD3B0276E1AC8001BA231 /* Products */,
			);
			sourceTree = "<group>";
		};
		6D8AD3B0276E1AC8001BA231 /* Products */ = {
			isa = PBXGroup;
			children = (
				6D8AD3AF276E1AC8001BA231 /* Setting_Clone_App.app */,
				6D8AD3C5276E1AC9001BA231 /* Setting_Clone_AppTests.xctest */,
				6D8AD3CF276E1AC9001BA231 /* Setting_Clone_AppUITests.xctest */,
			);
			name = Products;
			sourceTree = "<group>";
		};
		6D8AD3B1276E1AC8001BA231 /* Setting_Clone_App */ = {
			isa = PBXGroup;
			children = (
				6D8AD3B6276E1AC8001BA231 /* ViewController.swift */,
				6D8AD3B8276E1AC8001BA231 /* Main.storyboard */,
				6D8AD3B2276E1AC8001BA231 /* AppDelegate.swift */,
				6D8AD3B4276E1AC8001BA231 /* SceneDelegate.swift */,
				6D5B355A276F2756000893DD /* ProfileCell.swift */,
				6D5B355B276F2756000893DD /* ProfileCell.xib */,
				6DA92B9227708CB90053E202 /* SettingModel.swift */,
				6D4A9B482771AA2C007074AF /* GeneralViewController.swift */,
				6D4A9B4A2771AA6B007074AF /* GeneralViewController.storyboard */,
				6DEDD0312771E1B00090BA3C /* MyIDViewController.swift */,
				6DEDD0322771E1B00090BA3C /* MyIDViewController.xib */,
				6D54D661277040FE00726065 /* MenuCell.swift */,
				6D54D662277040FE00726065 /* MenuCell.xib */,
				6D8AD3BB276E1AC9001BA231 /* Assets.xcassets */,
				6D8AD3BD276E1AC9001BA231 /* LaunchScreen.storyboard */,
				6D8AD3C0276E1AC9001BA231 /* Info.plist */,
			);
			path = Setting_Clone_App;
			sourceTree = "<group>";
		};
		6D8AD3C8276E1AC9001BA231 /* Setting_Clone_AppTests */ = {
			isa = PBXGroup;
			children = (
				6D8AD3C9276E1AC9001BA231 /* Setting_Clone_AppTests.swift */,
			);
			path = Setting_Clone_AppTests;
			sourceTree = "<group>";
		};
		6D8AD3D2276E1AC9001BA231 /* Setting_Clone_AppUITests */ = {
			isa = PBXGroup;
			children = (
				6D8AD3D3276E1AC9001BA231 /* Setting_Clone_AppUITests.swift */,
				6D8AD3D5276E1AC9001BA231 /* Setting_Clone_AppUITestsLaunchTests.swift */,
			);
			path = Setting_Clone_AppUITests;
			sourceTree = "<group>";
		};
/* End PBXGroup section */

/* Begin PBXNativeTarget section */
		6D8AD3AE276E1AC8001BA231 /* Setting_Clone_App */ = {
			isa = PBXNativeTarget;
			buildConfigurationList = 6D8AD3D9276E1AC9001BA231 /* Build configuration list for PBXNativeTarget "Setting_Clone_App" */;
			buildPhases = (
				6D8AD3AB276E1AC8001BA231 /* Sources */,
				6D8AD3AC276E1AC8001BA231 /* Frameworks */,
				6D8AD3AD276E1AC8001BA231 /* Resources */,
			);
			buildRules = (
			);
			dependencies = (
			);
			name = Setting_Clone_App;
			productName = Setting_Clone_App;
			productReference = 6D8AD3AF276E1AC8001BA231 /* Setting_Clone_App.app */;
			productType = "com.apple.product-type.application";
		};
		6D8AD3C4276E1AC9001BA231 /* Setting_Clone_AppTests */ = {
			isa = PBXNativeTarget;
			buildConfigurationList = 6D8AD3DC276E1AC9001BA231 /* Build configuration list for PBXNativeTarget "Setting_Clone_AppTests" */;
			buildPhases = (
				6D8AD3C1276E1AC9001BA231 /* Sources */,
				6D8AD3C2276E1AC9001BA231 /* Frameworks */,
				6D8AD3C3276E1AC9001BA231 /* Resources */,
			);
			buildRules = (
			);
			dependencies = (
				6D8AD3C7276E1AC9001BA231 /* PBXTargetDependency */,
			);
			name = Setting_Clone_AppTests;
			productName = Setting_Clone_AppTests;
			productReference = 6D8AD3C5276E1AC9001BA231 /* Setting_Clone_AppTests.xctest */;
			productType = "com.apple.product-type.bundle.unit-test";
		};
		6D8AD3CE276E1AC9001BA231 /* Setting_Clone_AppUITests */ = {
			isa = PBXNativeTarget;
			buildConfigurationList = 6D8AD3DF276E1AC9001BA231 /* Build configuration list for PBXNativeTarget "Setting_Clone_AppUITests" */;
			buildPhases = (
				6D8AD3CB276E1AC9001BA231 /* Sources */,
				6D8AD3CC276E1AC9001BA231 /* Frameworks */,
				6D8AD3CD276E1AC9001BA231 /* Resources */,
			);
			buildRules = (
			);
			dependencies = (
				6D8AD3D1276E1AC9001BA231 /* PBXTargetDependency */,
			);
			name = Setting_Clone_AppUITests;
			productName = Setting_Clone_AppUITests;
			productReference = 6D8AD3CF276E1AC9001BA231 /* Setting_Clone_AppUITests.xctest */;
			productType = "com.apple.product-type.bundle.ui-testing";
		};
/* End PBXNativeTarget section */

/* Begin PBXProject section */
		6D8AD3A7276E1AC8001BA231 /* Project object */ = {
			isa = PBXProject;
			attributes = {
				BuildIndependentTargetsInParallel = 1;
				LastSwiftUpdateCheck = 1310;
				LastUpgradeCheck = 1310;
				TargetAttributes = {
					6D8AD3AE276E1AC8001BA231 = {
						CreatedOnToolsVersion = 13.1;
					};
					6D8AD3C4276E1AC9001BA231 = {
						CreatedOnToolsVersion = 13.1;
						TestTargetID = 6D8AD3AE276E1AC8001BA231;
					};
					6D8AD3CE276E1AC9001BA231 = {
						CreatedOnToolsVersion = 13.1;
						TestTargetID = 6D8AD3AE276E1AC8001BA231;
					};
				};
			};
			buildConfigurationList = 6D8AD3AA276E1AC8001BA231 /* Build configuration list for PBXProject "Setting_Clone_App" */;
			compatibilityVersion = "Xcode 13.0";
			developmentRegion = en;
			hasScannedForEncodings = 0;
			knownRegions = (
				en,
				Base,
			);
			mainGroup = 6D8AD3A6276E1AC8001BA231;
			productRefGroup = 6D8AD3B0276E1AC8001BA231 /* Products */;
			projectDirPath = "";
			projectRoot = "";
			targets = (
				6D8AD3AE276E1AC8001BA231 /* Setting_Clone_App */,
				6D8AD3C4276E1AC9001BA231 /* Setting_Clone_AppTests */,
				6D8AD3CE276E1AC9001BA231 /* Setting_Clone_AppUITests */,
			);
		};
/* End PBXProject section */

/* Begin PBXResourcesBuildPhase section */
		6D8AD3AD276E1AC8001BA231 /* Resources */ = {
			isa = PBXResourcesBuildPhase;
			buildActionMask = 2147483647;
			files = (
				6D4A9B4B2771AA6B007074AF /* GeneralViewController.storyboard in Resources */,
				6D8AD3BF276E1AC9001BA231 /* LaunchScreen.storyboard in Resources */,
				6D5B355D276F2756000893DD /* ProfileCell.xib in Resources */,
				6D8AD3BC276E1AC9001BA231 /* Assets.xcassets in Resources */,
				6DEDD0342771E1B00090BA3C /* MyIDViewController.xib in Resources */,
				6D8AD3BA276E1AC8001BA231 /* Main.storyboard in Resources */,
				6D54D664277040FE00726065 /* MenuCell.xib in Resources */,
			);
			runOnlyForDeploymentPostprocessing = 0;
		};
		6D8AD3C3276E1AC9001BA231 /* Resources */ = {
			isa = PBXResourcesBuildPhase;
			buildActionMask = 2147483647;
			files = (
			);
			runOnlyForDeploymentPostprocessing = 0;
		};
		6D8AD3CD276E1AC9001BA231 /* Resources */ = {
			isa = PBXResourcesBuildPhase;
			buildActionMask = 2147483647;
			files = (
			);
			runOnlyForDeploymentPostprocessing = 0;
		};
/* End PBXResourcesBuildPhase section */

/* Begin PBXSourcesBuildPhase section */
		6D8AD3AB276E1AC8001BA231 /* Sources */ = {
			isa = PBXSourcesBuildPhase;
			buildActionMask = 2147483647;
			files = (
				6D8AD3B7276E1AC8001BA231 /* ViewController.swift in Sources */,
				6D4A9B492771AA2C007074AF /* GeneralViewController.swift in Sources */,
				6D5B355C276F2756000893DD /* ProfileCell.swift in Sources */,
				6DA92B9327708CB90053E202 /* SettingModel.swift in Sources */,
				6D8AD3B3276E1AC8001BA231 /* AppDelegate.swift in Sources */,
				6DEDD0332771E1B00090BA3C /* MyIDViewController.swift in Sources */,
				6D8AD3B5276E1AC8001BA231 /* SceneDelegate.swift in Sources */,
				6D54D663277040FE00726065 /* MenuCell.swift in Sources */,
			);
			runOnlyForDeploymentPostprocessing = 0;
		};
		6D8AD3C1276E1AC9001BA231 /* Sources */ = {
			isa = PBXSourcesBuildPhase;
			buildActionMask = 2147483647;
			files = (
				6D8AD3CA276E1AC9001BA231 /* Setting_Clone_AppTests.swift in Sources */,
			);
			runOnlyForDeploymentPostprocessing = 0;
		};
		6D8AD3CB276E1AC9001BA231 /* Sources */ = {
			isa = PBXSourcesBuildPhase;
			buildActionMask = 2147483647;
			files = (
				6D8AD3D4276E1AC9001BA231 /* Setting_Clone_AppUITests.swift in Sources */,
				6D8AD3D6276E1AC9001BA231 /* Setting_Clone_AppUITestsLaunchTests.swift in Sources */,
			);
			runOnlyForDeploymentPostprocessing = 0;
		};
/* End PBXSourcesBuildPhase section */

/* Begin PBXTargetDependency section */
		6D8AD3C7276E1AC9001BA231 /* PBXTargetDependency */ = {
			isa = PBXTargetDependency;
			target = 6D8AD3AE276E1AC8001BA231 /* Setting_Clone_App */;
			targetProxy = 6D8AD3C6276E1AC9001BA231 /* PBXContainerItemProxy */;
		};
		6D8AD3D1276E1AC9001BA231 /* PBXTargetDependency */ = {
			isa = PBXTargetDependency;
			target = 6D8AD3AE276E1AC8001BA231 /* Setting_Clone_App */;
			targetProxy = 6D8AD3D0276E1AC9001BA231 /* PBXContainerItemProxy */;
		};
/* End PBXTargetDependency section */

/* Begin PBXVariantGroup section */
		6D8AD3B8276E1AC8001BA231 /* Main.storyboard */ = {
			isa = PBXVariantGroup;
			children = (
				6D8AD3B9276E1AC8001BA231 /* Base */,
			);
			name = Main.storyboard;
			sourceTree = "<group>";
		};
		6D8AD3BD276E1AC9001BA231 /* LaunchScreen.storyboard */ = {
			isa = PBXVariantGroup;
			children = (
				6D8AD3BE276E1AC9001BA231 /* Base */,
			);
			name = LaunchScreen.storyboard;
			sourceTree = "<group>";
		};
/* End PBXVariantGroup section */

/* Begin XCBuildConfiguration section */
		6D8AD3D7276E1AC9001BA231 /* Debug */ = {
			isa = XCBuildConfiguration;
			buildSettings = {
				ALWAYS_SEARCH_USER_PATHS = NO;
				CLANG_ANALYZER_NONNULL = YES;
				CLANG_ANALYZER_NUMBER_OBJECT_CONVERSION = YES_AGGRESSIVE;
				CLANG_CXX_LANGUAGE_STANDARD = "gnu++17";
				CLANG_CXX_LIBRARY = "libc++";
				CLANG_ENABLE_MODULES = YES;
				CLANG_ENABLE_OBJC_ARC = YES;
				CLANG_ENABLE_OBJC_WEAK = YES;
				CLANG_WARN_BLOCK_CAPTURE_AUTORELEASING = YES;
				CLANG_WARN_BOOL_CONVERSION = YES;
				CLANG_WARN_COMMA = YES;
				CLANG_WARN_CONSTANT_CONVERSION = YES;
				CLANG_WARN_DEPRECATED_OBJC_IMPLEMENTATIONS = YES;
				CLANG_WARN_DIRECT_OBJC_ISA_USAGE = YES_ERROR;
				CLANG_WARN_DOCUMENTATION_COMMENTS = YES;
				CLANG_WARN_EMPTY_BODY = YES;
				CLANG_WARN_ENUM_CONVERSION = YES;
				CLANG_WARN_INFINITE_RECURSION = YES;
				CLANG_WARN_INT_CONVERSION = YES;
				CLANG_WARN_NON_LITERAL_NULL_CONVERSION = YES;
				CLANG_WARN_OBJC_IMPLICIT_RETAIN_SELF = YES;
				CLANG_WARN_OBJC_LITERAL_CONVERSION = YES;
				CLANG_WARN_OBJC_ROOT_CLASS = YES_ERROR;
				CLANG_WARN_QUOTED_INCLUDE_IN_FRAMEWORK_HEADER = YES;
				CLANG_WARN_RANGE_LOOP_ANALYSIS = YES;
				CLANG_WARN_STRICT_PROTOTYPES = YES;
				CLANG_WARN_SUSPICIOUS_MOVE = YES;
				CLANG_WARN_UNGUARDED_AVAILABILITY = YES_AGGRESSIVE;
				CLANG_WARN_UNREACHABLE_CODE = YES;
				CLANG_WARN__DUPLICATE_METHOD_MATCH = YES;
				COPY_PHASE_STRIP = NO;
				DEBUG_INFORMATION_FORMAT = dwarf;
				ENABLE_STRICT_OBJC_MSGSEND = YES;
				ENABLE_TESTABILITY = YES;
				GCC_C_LANGUAGE_STANDARD = gnu11;
				GCC_DYNAMIC_NO_PIC = NO;
				GCC_NO_COMMON_BLOCKS = YES;
				GCC_OPTIMIZATION_LEVEL = 0;
				GCC_PREPROCESSOR_DEFINITIONS = (
					"DEBUG=1",
					"$(inherited)",
				);
				GCC_WARN_64_TO_32_BIT_CONVERSION = YES;
				GCC_WARN_ABOUT_RETURN_TYPE = YES_ERROR;
				GCC_WARN_UNDECLARED_SELECTOR = YES;
				GCC_WARN_UNINITIALIZED_AUTOS = YES_AGGRESSIVE;
				GCC_WARN_UNUSED_FUNCTION = YES;
				GCC_WARN_UNUSED_VARIABLE = YES;
				IPHONEOS_DEPLOYMENT_TARGET = 15.0;
				MTL_ENABLE_DEBUG_INFO = INCLUDE_SOURCE;
				MTL_FAST_MATH = YES;
				ONLY_ACTIVE_ARCH = YES;
				SDKROOT = iphoneos;
				SWIFT_ACTIVE_COMPILATION_CONDITIONS = DEBUG;
				SWIFT_OPTIMIZATION_LEVEL = "-Onone";
			};
			name = Debug;
		};
		6D8AD3D8276E1AC9001BA231 /* Release */ = {
			isa = XCBuildConfiguration;
			buildSettings = {
				ALWAYS_SEARCH_USER_PATHS = NO;
				CLANG_ANALYZER_NONNULL = YES;
				CLANG_ANALYZER_NUMBER_OBJECT_CONVERSION = YES_AGGRESSIVE;
				CLANG_CXX_LANGUAGE_STANDARD = "gnu++17";
				CLANG_CXX_LIBRARY = "libc++";
				CLANG_ENABLE_MODULES = YES;
				CLANG_ENABLE_OBJC_ARC = YES;
				CLANG_ENABLE_OBJC_WEAK = YES;
				CLANG_WARN_BLOCK_CAPTURE_AUTORELEASING = YES;
				CLANG_WARN_BOOL_CONVERSION = YES;
				CLANG_WARN_COMMA = YES;
				CLANG_WARN_CONSTANT_CONVERSION = YES;
				CLANG_WARN_DEPRECATED_OBJC_IMPLEMENTATIONS = YES;
				CLANG_WARN_DIRECT_OBJC_ISA_USAGE = YES_ERROR;
				CLANG_WARN_DOCUMENTATION_COMMENTS = YES;
				CLANG_WARN_EMPTY_BODY = YES;
				CLANG_WARN_ENUM_CONVERSION = YES;
				CLANG_WARN_INFINITE_RECURSION = YES;
				CLANG_WARN_INT_CONVERSION = YES;
				CLANG_WARN_NON_LITERAL_NULL_CONVERSION = YES;
				CLANG_WARN_OBJC_IMPLICIT_RETAIN_SELF = YES;
				CLANG_WARN_OBJC_LITERAL_CONVERSION = YES;
				CLANG_WARN_OBJC_ROOT_CLASS = YES_ERROR;
				CLANG_WARN_QUOTED_INCLUDE_IN_FRAMEWORK_HEADER = YES;
				CLANG_WARN_RANGE_LOOP_ANALYSIS = YES;
				CLANG_WARN_STRICT_PROTOTYPES = YES;
				CLANG_WARN_SUSPICIOUS_MOVE = YES;
				CLANG_WARN_UNGUARDED_AVAILABILITY = YES_AGGRESSIVE;
				CLANG_WARN_UNREACHABLE_CODE = YES;
				CLANG_WARN__DUPLICATE_METHOD_MATCH = YES;
				COPY_PHASE_STRIP = NO;
				DEBUG_INFORMATION_FORMAT = "dwarf-with-dsym";
				ENABLE_NS_ASSERTIONS = NO;
				ENABLE_STRICT_OBJC_MSGSEND = YES;
				GCC_C_LANGUAGE_STANDARD = gnu11;
				GCC_NO_COMMON_BLOCKS = YES;
				GCC_WARN_64_TO_32_BIT_CONVERSION = YES;
				GCC_WARN_ABOUT_RETURN_TYPE = YES_ERROR;
				GCC_WARN_UNDECLARED_SELECTOR = YES;
				GCC_WARN_UNINITIALIZED_AUTOS = YES_AGGRESSIVE;
				GCC_WARN_UNUSED_FUNCTION = YES;
				GCC_WARN_UNUSED_VARIABLE = YES;
				IPHONEOS_DEPLOYMENT_TARGET = 15.0;
				MTL_ENABLE_DEBUG_INFO = NO;
				MTL_FAST_MATH = YES;
				SDKROOT = iphoneos;
				SWIFT_COMPILATION_MODE = wholemodule;
				SWIFT_OPTIMIZATION_LEVEL = "-O";
				VALIDATE_PRODUCT = YES;
			};
			name = Release;
		};
		6D8AD3DA276E1AC9001BA231 /* Debug */ = {
			isa = XCBuildConfiguration;
			buildSettings = {
				ASSETCATALOG_COMPILER_APPICON_NAME = AppIcon;
				ASSETCATALOG_COMPILER_GLOBAL_ACCENT_COLOR_NAME = AccentColor;
				CODE_SIGN_STYLE = Automatic;
				CURRENT_PROJECT_VERSION = 1;
				GENERATE_INFOPLIST_FILE = YES;
				INFOPLIST_FILE = Setting_Clone_App/Info.plist;
				INFOPLIST_KEY_UIApplicationSupportsIndirectInputEvents = YES;
				INFOPLIST_KEY_UILaunchStoryboardName = LaunchScreen;
				INFOPLIST_KEY_UIMainStoryboardFile = Main;
				INFOPLIST_KEY_UISupportedInterfaceOrientations = UIInterfaceOrientationPortrait;
				INFOPLIST_KEY_UISupportedInterfaceOrientations_iPad = "UIInterfaceOrientationPortrait UIInterfaceOrientationPortraitUpsideDown UIInterfaceOrientationLandscapeLeft UIInterfaceOrientationLandscapeRight";
				INFOPLIST_KEY_UISupportedInterfaceOrientations_iPhone = "UIInterfaceOrientationPortrait UIInterfaceOrientationLandscapeLeft UIInterfaceOrientationLandscapeRight";
				LD_RUNPATH_SEARCH_PATHS = (
					"$(inherited)",
					"@executable_path/Frameworks",
				);
				MARKETING_VERSION = 1.0;
				PRODUCT_BUNDLE_IDENTIFIER = "com.Setting-Clone-App";
				PRODUCT_NAME = "$(TARGET_NAME)";
				SWIFT_EMIT_LOC_STRINGS = YES;
				SWIFT_VERSION = 5.0;
				TARGETED_DEVICE_FAMILY = "1,2";
			};
			name = Debug;
		};
		6D8AD3DB276E1AC9001BA231 /* Release */ = {
			isa = XCBuildConfiguration;
			buildSettings = {
				ASSETCATALOG_COMPILER_APPICON_NAME = AppIcon;
				ASSETCATALOG_COMPILER_GLOBAL_ACCENT_COLOR_NAME = AccentColor;
				CODE_SIGN_STYLE = Automatic;
				CURRENT_PROJECT_VERSION = 1;
				GENERATE_INFOPLIST_FILE = YES;
				INFOPLIST_FILE = Setting_Clone_App/Info.plist;
				INFOPLIST_KEY_UIApplicationSupportsIndirectInputEvents = YES;
				INFOPLIST_KEY_UILaunchStoryboardName = LaunchScreen;
				INFOPLIST_KEY_UIMainStoryboardFile = Main;
				INFOPLIST_KEY_UISupportedInterfaceOrientations = UIInterfaceOrientationPortrait;
				INFOPLIST_KEY_UISupportedInterfaceOrientations_iPad = "UIInterfaceOrientationPortrait UIInterfaceOrientationPortraitUpsideDown UIInterfaceOrientationLandscapeLeft UIInterfaceOrientationLandscapeRight";
				INFOPLIST_KEY_UISupportedInterfaceOrientations_iPhone = "UIInterfaceOrientationPortrait UIInterfaceOrientationLandscapeLeft UIInterfaceOrientationLandscapeRight";
				LD_RUNPATH_SEARCH_PATHS = (
					"$(inherited)",
					"@executable_path/Frameworks",
				);
				MARKETING_VERSION = 1.0;
				PRODUCT_BUNDLE_IDENTIFIER = "com.Setting-Clone-App";
				PRODUCT_NAME = "$(TARGET_NAME)";
				SWIFT_EMIT_LOC_STRINGS = YES;
				SWIFT_VERSION = 5.0;
				TARGETED_DEVICE_FAMILY = "1,2";
			};
			name = Release;
		};
		6D8AD3DD276E1AC9001BA231 /* Debug */ = {
			isa = XCBuildConfiguration;
			buildSettings = {
				ALWAYS_EMBED_SWIFT_STANDARD_LIBRARIES = YES;
				BUNDLE_LOADER = "$(TEST_HOST)";
				CODE_SIGN_STYLE = Automatic;
				CURRENT_PROJECT_VERSION = 1;
				GENERATE_INFOPLIST_FILE = YES;
				IPHONEOS_DEPLOYMENT_TARGET = 15.0;
				LD_RUNPATH_SEARCH_PATHS = (
					"$(inherited)",
					"@executable_path/Frameworks",
					"@loader_path/Frameworks",
				);
				MARKETING_VERSION = 1.0;
				PRODUCT_BUNDLE_IDENTIFIER = "com.Setting-Clone-AppTests";
				PRODUCT_NAME = "$(TARGET_NAME)";
				SWIFT_EMIT_LOC_STRINGS = NO;
				SWIFT_VERSION = 5.0;
				TARGETED_DEVICE_FAMILY = "1,2";
				TEST_HOST = "$(BUILT_PRODUCTS_DIR)/Setting_Clone_App.app/Setting_Clone_App";
			};
			name = Debug;
		};
		6D8AD3DE276E1AC9001BA231 /* Release */ = {
			isa = XCBuildConfiguration;
			buildSettings = {
				ALWAYS_EMBED_SWIFT_STANDARD_LIBRARIES = YES;
				BUNDLE_LOADER = "$(TEST_HOST)";
				CODE_SIGN_STYLE = Automatic;
				CURRENT_PROJECT_VERSION = 1;
				GENERATE_INFOPLIST_FILE = YES;
				IPHONEOS_DEPLOYMENT_TARGET = 15.0;
				LD_RUNPATH_SEARCH_PATHS = (
					"$(inherited)",
					"@executable_path/Frameworks",
					"@loader_path/Frameworks",
				);
				MARKETING_VERSION = 1.0;
				PRODUCT_BUNDLE_IDENTIFIER = "com.Setting-Clone-AppTests";
				PRODUCT_NAME = "$(TARGET_NAME)";
				SWIFT_EMIT_LOC_STRINGS = NO;
				SWIFT_VERSION = 5.0;
				TARGETED_DEVICE_FAMILY = "1,2";
				TEST_HOST = "$(BUILT_PRODUCTS_DIR)/Setting_Clone_App.app/Setting_Clone_App";
			};
			name = Release;
		};
		6D8AD3E0276E1AC9001BA231 /* Debug */ = {
			isa = XCBuildConfiguration;
			buildSettings = {
				ALWAYS_EMBED_SWIFT_STANDARD_LIBRARIES = YES;
				CODE_SIGN_STYLE = Automatic;
				CURRENT_PROJECT_VERSION = 1;
				GENERATE_INFOPLIST_FILE = YES;
				LD_RUNPATH_SEARCH_PATHS = (
					"$(inherited)",
					"@executable_path/Frameworks",
					"@loader_path/Frameworks",
				);
				MARKETING_VERSION = 1.0;
				PRODUCT_BUNDLE_IDENTIFIER = "com.Setting-Clone-AppUITests";
				PRODUCT_NAME = "$(TARGET_NAME)";
				SWIFT_EMIT_LOC_STRINGS = NO;
				SWIFT_VERSION = 5.0;
				TARGETED_DEVICE_FAMILY = "1,2";
				TEST_TARGET_NAME = Setting_Clone_App;
			};
			name = Debug;
		};
		6D8AD3E1276E1AC9001BA231 /* Release */ = {
			isa = XCBuildConfiguration;
			buildSettings = {
				ALWAYS_EMBED_SWIFT_STANDARD_LIBRARIES = YES;
				CODE_SIGN_STYLE = Automatic;
				CURRENT_PROJECT_VERSION = 1;
				GENERATE_INFOPLIST_FILE = YES;
				LD_RUNPATH_SEARCH_PATHS = (
					"$(inherited)",
					"@executable_path/Frameworks",
					"@loader_path/Frameworks",
				);
				MARKETING_VERSION = 1.0;
				PRODUCT_BUNDLE_IDENTIFIER = "com.Setting-Clone-AppUITests";
				PRODUCT_NAME = "$(TARGET_NAME)";
				SWIFT_EMIT_LOC_STRINGS = NO;
				SWIFT_VERSION = 5.0;
				TARGETED_DEVICE_FAMILY = "1,2";
				TEST_TARGET_NAME = Setting_Clone_App;
			};
			name = Release;
		};
/* End XCBuildConfiguration section */

/* Begin XCConfigurationList section */
		6D8AD3AA276E1AC8001BA231 /* Build configuration list for PBXProject "Setting_Clone_App" */ = {
			isa = XCConfigurationList;
			buildConfigurations = (
				6D8AD3D7276E1AC9001BA231 /* Debug */,
				6D8AD3D8276E1AC9001BA231 /* Release */,
			);
			defaultConfigurationIsVisible = 0;
			defaultConfigurationName = Release;
		};
		6D8AD3D9276E1AC9001BA231 /* Build configuration list for PBXNativeTarget "Setting_Clone_App" */ = {
			isa = XCConfigurationList;
			buildConfigurations = (
				6D8AD3DA276E1AC9001BA231 /* Debug */,
				6D8AD3DB276E1AC9001BA231 /* Release */,
			);
			defaultConfigurationIsVisible = 0;
			defaultConfigurationName = Release;
		};
		6D8AD3DC276E1AC9001BA231 /* Build configuration list for PBXNativeTarget "Setting_Clone_AppTests" */ = {
			isa = XCConfigurationList;
			buildConfigurations = (
				6D8AD3DD276E1AC9001BA231 /* Debug */,
				6D8AD3DE276E1AC9001BA231 /* Release */,
			);
			defaultConfigurationIsVisible = 0;
			defaultConfigurationName = Release;
		};
		6D8AD3DF276E1AC9001BA231 /* Build configuration list for PBXNativeTarget "Setting_Clone_AppUITests" */ = {
			isa = XCConfigurationList;
			buildConfigurations = (
				6D8AD3E0276E1AC9001BA231 /* Debug */,
				6D8AD3E1276E1AC9001BA231 /* Release */,
			);
			defaultConfigurationIsVisible = 0;
			defaultConfigurationName = Release;
		};
/* End XCConfigurationList section */
	};
	rootObject = 6D8AD3A7276E1AC8001BA231 /* Project object */;
}
